<?xml version="1.0" encoding="utf-8"?>
<Project ToolsVersion="4.0" xmlns="http://schemas.microsoft.com/developer/msbuild/2003">
  <ItemGroup>
    <Filter Include="Source Files">
      <UniqueIdentifier>{4FC737F1-C7A5-4376-A066-2A32D752A2FF}</UniqueIdentifier>
      <Extensions>cpp;c;cc;cxx;c++;cppm;ixx;def;odl;idl;hpj;bat;asm;asmx</Extensions>
    </Filter>
    <Filter Include="Header Files">
      <UniqueIdentifier>{93995380-89BD-4b04-88EB-625FBE52EBFB}</UniqueIdentifier>
      <Extensions>h;hh;hpp;hxx;h++;hm;inl;inc;ipp;xsd</Extensions>
    </Filter>
    <Filter Include="Resource Files">
      <UniqueIdentifier>{67DA6AB6-F800-4c08-8B7A-83BB121AAD01}</UniqueIdentifier>
      <Extensions>rc;ico;cur;bmp;dlg;rc2;rct;bin;rgs;gif;jpg;jpeg;jpe;resx;tiff;tif;png;wav;mfcribbon-ms</Extensions>
    </Filter>
  </ItemGroup>
  <ItemGroup>
    <ClCompile Include="ai\mnist\mnistdataset.cpp">
      <Filter>Source Files</Filter>
    </ClCompile>
    <ClCompile Include="ai\mnist\mnistdatasetreader.cpp">
      <Filter>Source Files</Filter>
    </ClCompile>
    <ClCompile Include="ai\mnist\mnistimage.cpp">
      <Filter>Source Files</Filter>
    </ClCompile>
    <ClCompile Include="ai\layer.cpp">
      <Filter>Source Files</Filter>
    </ClCompile>
    <ClCompile Include="ai\neuralnet.cpp">
      <Filter>Source Files</Filter>
    </ClCompile>
    <ClCompile Include="ai\neuralnettrainer.cpp">
      <Filter>Source Files</Filter>
    </ClCompile>
    <ClCompile Include="ai\neuralnetworkfilereader.cpp">
      <Filter>Source Files</Filter>
    </ClCompile>
    <ClCompile Include="ai\neuralnetworkfilewriter.cpp">
      <Filter>Source Files</Filter>
    </ClCompile>
    <ClCompile Include="ai\neuron.cpp">
      <Filter>Source Files</Filter>
    </ClCompile>
    <ClCompile Include="objects\cube.cpp">
      <Filter>Source Files</Filter>
    </ClCompile>
    <ClCompile Include="objects\materialgenerator.cpp">
      <Filter>Source Files</Filter>
    </ClCompile>
    <ClCompile Include="objects\mesh.cpp">
      <Filter>Source Files</Filter>
    </ClCompile>
    <ClCompile Include="objects\meshgenerator.cpp">
      <Filter>Source Files</Filter>
    </ClCompile>
    <ClCompile Include="objects\modeltransform.cpp">
      <Filter>Source Files</Filter>
    </ClCompile>
    <ClCompile Include="objects\object.cpp">
      <Filter>Source Files</Filter>
    </ClCompile>
    <ClCompile Include="objects\quad.cpp">
      <Filter>Source Files</Filter>
    </ClCompile>
    <ClCompile Include="objects\sphere.cpp">
      <Filter>Source Files</Filter>
    </ClCompile>
    <ClCompile Include="objects\torus.cpp">
      <Filter>Source Files</Filter>
    </ClCompile>
    <ClCompile Include="objects\triangle.cpp">
      <Filter>Source Files</Filter>
    </ClCompile>
    <ClCompile Include="objects\triforce.cpp">
      <Filter>Source Files</Filter>
    </ClCompile>
    <ClCompile Include="renderer\buffers\indexbuffer.cpp">
      <Filter>Source Files</Filter>
    </ClCompile>
    <ClCompile Include="renderer\buffers\instancebuffer.cpp">
      <Filter>Source Files</Filter>
    </ClCompile>
    <ClCompile Include="renderer\buffers\vertexarray.cpp">
      <Filter>Source Files</Filter>
    </ClCompile>
    <ClCompile Include="renderer\buffers\vertexbuffer.cpp">
      <Filter>Source Files</Filter>
    </ClCompile>
    <ClCompile Include="renderer\glerror.cpp">
      <Filter>Source Files</Filter>
    </ClCompile>
    <ClCompile Include="renderer\instancegroup.cpp">
      <Filter>Source Files</Filter>
    </ClCompile>
    <ClCompile Include="renderer\linegroup.cpp">
      <Filter>Source Files</Filter>
    </ClCompile>
    <ClCompile Include="renderer\material.cpp">
      <Filter>Source Files</Filter>
    </ClCompile>
    <ClCompile Include="renderer\renderer.cpp">
      <Filter>Source Files</Filter>
    </ClCompile>
    <ClCompile Include="renderer\shader.cpp">
      <Filter>Source Files</Filter>
    </ClCompile>
    <ClCompile Include="renderer\texture.cpp">
      <Filter>Source Files</Filter>
    </ClCompile>
    <ClCompile Include="system\BaseWindowsApp.cpp">
      <Filter>Source Files</Filter>
    </ClCompile>
    <ClCompile Include="util\logger.cpp">
      <Filter>Source Files</Filter>
    </ClCompile>
    <ClCompile Include="util\token.cpp">
      <Filter>Source Files</Filter>
    </ClCompile>
    <ClCompile Include="util\tokenizer.cpp">
      <Filter>Source Files</Filter>
    </ClCompile>
    <ClCompile Include="vendor\stb_image.cpp">
      <Filter>Source Files</Filter>
    </ClCompile>
    <ClCompile Include="VisualNNApp.cpp">
      <Filter>Source Files</Filter>
    </ClCompile>
  </ItemGroup>
  <ItemGroup>
    <ClInclude Include="ai\mnist\mnistdataset.h">
      <Filter>Header Files</Filter>
    </ClInclude>
    <ClInclude Include="ai\mnist\mnistdatasetreader.h">
      <Filter>Header Files</Filter>
    </ClInclude>
    <ClInclude Include="ai\mnist\mnistimage.h">
      <Filter>Header Files</Filter>
    </ClInclude>
    <ClInclude Include="ai\layer.h">
      <Filter>Header Files</Filter>
    </ClInclude>
    <ClInclude Include="ai\neuralnet.h">
      <Filter>Header Files</Filter>
    </ClInclude>
    <ClInclude Include="ai\neuralnettrainer.h">
      <Filter>Header Files</Filter>
    </ClInclude>
    <ClInclude Include="ai\neuralnetworkfilereader.h">
      <Filter>Header Files</Filter>
    </ClInclude>
    <ClInclude Include="ai\neuralnetworkfilewriter.h">
      <Filter>Header Files</Filter>
    </ClInclude>
    <ClInclude Include="ai\neuron.h">
      <Filter>Header Files</Filter>
    </ClInclude>
    <ClInclude Include="io\keyboard.h">
      <Filter>Header Files</Filter>
    </ClInclude>
    <ClInclude Include="io\mouse.h">
      <Filter>Header Files</Filter>
    </ClInclude>
    <ClInclude Include="objects\cube.h">
      <Filter>Header Files</Filter>
    </ClInclude>
    <ClInclude Include="objects\materialgenerator.h">
      <Filter>Header Files</Filter>
    </ClInclude>
    <ClInclude Include="objects\mesh.h">
      <Filter>Header Files</Filter>
    </ClInclude>
    <ClInclude Include="objects\meshgenerator.h">
      <Filter>Header Files</Filter>
    </ClInclude>
    <ClInclude Include="objects\meshmanager.h">
      <Filter>Header Files</Filter>
    </ClInclude>
    <ClInclude Include="objects\modeltransform.h">
      <Filter>Header Files</Filter>
    </ClInclude>
    <ClInclude Include="objects\object.h">
      <Filter>Header Files</Filter>
    </ClInclude>
    <ClInclude Include="objects\quad.h">
      <Filter>Header Files</Filter>
    </ClInclude>
    <ClInclude Include="objects\sphere.h">
      <Filter>Header Files</Filter>
    </ClInclude>
    <ClInclude Include="objects\torus.h">
      <Filter>Header Files</Filter>
    </ClInclude>
    <ClInclude Include="objects\triangle.h">
      <Filter>Header Files</Filter>
    </ClInclude>
    <ClInclude Include="objects\triforce.h">
      <Filter>Header Files</Filter>
    </ClInclude>
    <ClInclude Include="objects\vertex.h">
      <Filter>Header Files</Filter>
    </ClInclude>
    <ClInclude Include="renderer\buffers\indexbuffer.h">
      <Filter>Header Files</Filter>
    </ClInclude>
    <ClInclude Include="renderer\buffers\instancebuffer.h">
      <Filter>Header Files</Filter>
    </ClInclude>
    <ClInclude Include="renderer\buffers\vertexarray.h">
      <Filter>Header Files</Filter>
    </ClInclude>
    <ClInclude Include="renderer\buffers\vertexbuffer.h">
      <Filter>Header Files</Filter>
    </ClInclude>
    <ClInclude Include="renderer\glerror.h">
      <Filter>Header Files</Filter>
    </ClInclude>
    <ClInclude Include="renderer\instancegroup.h">
      <Filter>Header Files</Filter>
    </ClInclude>
    <ClInclude Include="renderer\linegroup.h">
      <Filter>Header Files</Filter>
    </ClInclude>
    <ClInclude Include="renderer\material.h">
      <Filter>Header Files</Filter>
    </ClInclude>
    <ClInclude Include="renderer\materialmanager.h">
      <Filter>Header Files</Filter>
    </ClInclude>
    <ClInclude Include="renderer\renderer.h">
      <Filter>Header Files</Filter>
    </ClInclude>
    <ClInclude Include="renderer\shader.h">
      <Filter>Header Files</Filter>
    </ClInclude>
    <ClInclude Include="renderer\shadercache.h">
      <Filter>Header Files</Filter>
    </ClInclude>
    <ClInclude Include="renderer\texture.h">
      <Filter>Header Files</Filter>
    </ClInclude>
    <ClInclude Include="renderer\texturemanager.h">
      <Filter>Header Files</Filter>
    </ClInclude>
    <ClInclude Include="system\BaseWindowsApp.h">
      <Filter>Header Files</Filter>
    </ClInclude>
    <ClInclude Include="system\gthread.h">
      <Filter>Header Files</Filter>
    </ClInclude>
    <ClInclude Include="util\chronograph.h">
      <Filter>Header Files</Filter>
    </ClInclude>
    <ClInclude Include="util\logger.h">
      <Filter>Header Files</Filter>
    </ClInclude>
    <ClInclude Include="util\rollingaverage.h">
      <Filter>Header Files</Filter>
    </ClInclude>
    <ClInclude Include="util\token.h">
      <Filter>Header Files</Filter>
    </ClInclude>
    <ClInclude Include="util\tokenizer.h">
      <Filter>Header Files</Filter>
    </ClInclude>
    <ClInclude Include="vendor\stb_image.h">
      <Filter>Header Files</Filter>
    </ClInclude>
    <ClInclude Include="VisualNNApp.h">
      <Filter>Header Files</Filter>
    </ClInclude>
  </ItemGroup>
</Project>